{
  "version": 1,
  "dependencies": {
    ".NETStandard,Version=v2.0": {
      "FSharp.Core": {
        "type": "Direct",
        "requested": "[10.0.101, )",
        "resolved": "10.0.101",
        "contentHash": "mrS3J7cLtvXM3u3CmiaFq8oyBdlevzZY1VAAAbFk1gUDQtDEjUOybN5XpQglx5wAgJ0wLdDl6OSSfS7ZDFNcpA=="
      },
      "FSharp.Data": {
        "type": "Direct",
        "requested": "[6.4.0, )",
        "resolved": "6.4.0",
        "contentHash": "KfQbbvlLgP0zaZyp8YhS2+FsxBvhYC9o08emNMcwmpAvnLz9vEMbNefYFQiZX5i/0kAMYh5oDqTbvx3RJSbJFA==",
        "dependencies": {
          "FSharp.Core": "6.0.1",
          "FSharp.Data.Csv.Core": "6.4.0",
          "FSharp.Data.Html.Core": "6.4.0",
          "FSharp.Data.Http": "6.4.0",
          "FSharp.Data.Json.Core": "6.4.0",
          "FSharp.Data.Runtime.Utilities": "6.4.0",
          "FSharp.Data.WorldBank.Core": "6.4.0",
          "FSharp.Data.Xml.Core": "6.4.0"
        }
      },
      "FSharpPlus": {
        "type": "Direct",
        "requested": "[1.6.1, )",
        "resolved": "1.6.1",
        "contentHash": "HXBoyj7pHxEB5H1YgNBxaPz39ty+KvQFmWQ9AKDaWMtHNGO7r9FH+wq/KL8hz9oIJzG0gKniRUt78qi6WQk4gw==",
        "dependencies": {
          "FSharp.Core": "6.0.6"
        }
      },
      "NETStandard.Library": {
        "type": "Direct",
        "requested": "[2.0.3, )",
        "resolved": "2.0.3",
        "contentHash": "st47PosZSHrjECdjeIzZQbzivYBJFv6P2nv4cj2ypdI204DO+vZ7l5raGMiX4eXMJ53RfOIg+/s4DHVZ54Nu2A==",
        "dependencies": {
          "Microsoft.NETCore.Platforms": "1.1.0"
        }
      },
      "Thoth.Json": {
        "type": "Direct",
        "requested": "[10.2.0, )",
        "resolved": "10.2.0",
        "contentHash": "/I58GViwrhWgp/vvNikjeSbm33V1ng3uSB27Y0BNDSJFDK+EdntCAx1Ephsx6T1dZlsgH/Z3wGmdEOqAlJUYuQ==",
        "dependencies": {
          "FSharp.Core": "4.7.2",
          "Fable.Core": "3.6.2"
        }
      },
      "Thoth.Json.Net": {
        "type": "Direct",
        "requested": "[12.0.0, )",
        "resolved": "12.0.0",
        "contentHash": "n2YyONYdWCFS4Pu7wrqgV/l5tPuN+t3gxEfs/2RwqCiQkRnbgKs9dK61zHeZS5YganAoFbxLSwbaNL7SvSrS9g==",
        "dependencies": {
          "FSharp.Core": "4.7.2",
          "Fable.Core": "3.1.6",
          "Newtonsoft.Json": "13.0.1"
        }
      },
      "Fable.Core": {
        "type": "Transitive",
        "resolved": "3.6.2",
        "contentHash": "2djeYq1kZvwfYWUYvFAniS3PC8/4G27xHynsF7cALkjTqIfTYj9LM7PqHhnnxa1hs4X0wwm5p+UK94aMbDvJBA=="
      },
      "FSharp.Data.Csv.Core": {
        "type": "Transitive",
        "resolved": "6.4.0",
        "contentHash": "kpQnKLPq2OjT7b3uWxDCraY0jbSJohA5hFCZ9bcTzOX0TqU6kVgcR5gCT5jN/dA4y5/qqtT5g9wCDVTmBE/enQ==",
        "dependencies": {
          "FSharp.Core": "6.0.1",
          "FSharp.Data.Runtime.Utilities": "6.4.0"
        }
      },
      "FSharp.Data.Html.Core": {
        "type": "Transitive",
        "resolved": "6.4.0",
        "contentHash": "W5yJ0YarszKRKavgiGLFCsbUSmD6CIUNwX3Upq1l8XgICWKU+IIms1xKA3wIsgyHEJlF+Yviy3tp0b7qnq+I5w==",
        "dependencies": {
          "FSharp.Core": "6.0.1",
          "FSharp.Data.Csv.Core": "6.4.0",
          "FSharp.Data.Runtime.Utilities": "6.4.0"
        }
      },
      "FSharp.Data.Http": {
        "type": "Transitive",
        "resolved": "6.4.0",
        "contentHash": "Q9JNs1xkvoiVRLRMr+RtK6rQHKEQYaG3SckdVl4vYI17mZmUIrWyBDuzLFnO53K9d7zvHrOIjXzGyZ5bGpLCrA==",
        "dependencies": {
          "FSharp.Core": "6.0.1"
        }
      },
      "FSharp.Data.Json.Core": {
        "type": "Transitive",
        "resolved": "6.4.0",
        "contentHash": "iJmuQWrSdErpA9I/UwY1Yzo5ZdXzYqPuoA7Kz32aybkgVYTTV7U1LzA/tAEOMVCmYM9/PHi9F6Oam8qDSbgAGw==",
        "dependencies": {
          "FSharp.Core": "6.0.1",
          "FSharp.Data.Http": "6.4.0",
          "FSharp.Data.Runtime.Utilities": "6.4.0"
        }
      },
      "FSharp.Data.Runtime.Utilities": {
        "type": "Transitive",
        "resolved": "6.4.0",
        "contentHash": "V5JihdafBjtwJYP2Tgf49K/jwFMvNfq4vRY2cPDJ2sL9bPYJQHiEApLJCF43P1sPFskGkQiNi+mWi0+4zVmTGg==",
        "dependencies": {
          "FSharp.Core": "6.0.1",
          "FSharp.Data.Http": "6.4.0"
        }
      },
      "FSharp.Data.WorldBank.Core": {
        "type": "Transitive",
        "resolved": "6.4.0",
        "contentHash": "Luv+XWQkaANMFzp+0Hr3N/7ALrJp9U80V+OjHs13iYuJiCPGI2Jn2v+SS4rNlMxp+rGb6fW/azbuQMsZfku7PQ==",
        "dependencies": {
          "FSharp.Core": "6.0.1",
          "FSharp.Data.Http": "6.4.0",
          "FSharp.Data.Json.Core": "6.4.0",
          "FSharp.Data.Runtime.Utilities": "6.4.0"
        }
      },
      "FSharp.Data.Xml.Core": {
        "type": "Transitive",
        "resolved": "6.4.0",
        "contentHash": "t10Mu6N77xyQQ6T6atITp2ZUOetiBy9fAVL124GCUaTDwdZYUcL4sDOp/oY4IX0kvgzR19pMvkEiBk2tlA8Lvg==",
        "dependencies": {
          "FSharp.Core": "6.0.1",
          "FSharp.Data.Http": "6.4.0",
          "FSharp.Data.Json.Core": "6.4.0",
          "FSharp.Data.Runtime.Utilities": "6.4.0"
        }
      },
      "Microsoft.NETCore.Platforms": {
        "type": "Transitive",
        "resolved": "1.1.0",
        "contentHash": "kz0PEW2lhqygehI/d6XsPCQzD7ff7gUJaVGPVETX611eadGsA3A877GdSlU0LRVMCTH/+P3o2iDTak+S08V2+A=="
      },
      "Newtonsoft.Json": {
        "type": "Transitive",
        "resolved": "13.0.1",
        "contentHash": "ppPFpBcvxdsfUonNcvITKqLl3bqxWbDCZIzDWHzjpdAHRFfZe0Dw9HmA0+za13IdyrgJwpkDTDA9fHaxOrt20A=="
      }
    }
  }
}