{
  "version": 1,
  "dependencies": {
    "net6.0": {
      "FSharp.Core": {
        "type": "Direct",
        "requested": "[6.0.1, )",
        "resolved": "6.0.1",
        "contentHash": "VrFAiW8dEEekk+0aqlbvMNZzDvYXmgWZwAt68AUBqaWK8RnoEVUNglj66bZzhs4/U63q0EfXlhcEKnH1sTYLjw=="
      },
      "FSharp.Data": {
        "type": "Direct",
        "requested": "[4.2.7, )",
        "resolved": "4.2.7",
        "contentHash": "gQO0u0q1z9wXOkSmL7TVQLspAGR/S2Vm3CDPStEHCcTQyivkgoZie0IsB2Zyl2inC+hmQa/jcVQNQjo7XB7Ujg==",
        "dependencies": {
          "FSharp.Core": "4.7.2"
        }
      },
      "FSharpPlus": {
        "type": "Direct",
        "requested": "[1.2.2, )",
        "resolved": "1.2.2",
        "contentHash": "YzWFuAua/OCevT05FoWSInP3i6DGAwRqyJd0DtFWSisPI6LAqCMTWaj5hT4BDLDabvricVZ5VD/FWfSNubL6Gg==",
        "dependencies": {
          "FSharp.Core": "4.6.2"
        }
      },
      "Thoth.Json": {
        "type": "Direct",
        "requested": "[7.0.0, )",
        "resolved": "7.0.0",
        "contentHash": "0aJtAcjK8Ljx8tSUxHUxZQDInOGtPwGkB+fD9MSrBooe0eqseQAHNSD51CttK5kytqXM6YHPXPN6UFW65GdZFg==",
        "dependencies": {
          "FSharp.Core": "4.7.2",
          "Fable.Core": "3.1.6"
        }
      },
      "Thoth.Json.Net": {
        "type": "Direct",
        "requested": "[8.0.0, )",
        "resolved": "8.0.0",
        "contentHash": "C/b+8g/xUTJTn7pbKC4bMAOy2tyolXAuHTXguT5TNzDKQ6sjnUfFa9B81fTt9PuUOdWFLyRKlXASuFhSQciJGQ==",
        "dependencies": {
          "FSharp.Core": "4.7.2",
          "Fable.Core": "[3.0.0, 4.0.0)",
          "Newtonsoft.Json": "11.0.2"
        }
      },
      "Fable.Core": {
        "type": "Transitive",
        "resolved": "3.1.6",
        "contentHash": "w6M1F0zoLk4kTFc1Lx6x1Ft6BD3QwRe0eaLiinAqbjVkcF+iK+NiXGJO+a6q9RAF9NCg0vI48Xku7aNeqG4JVw==",
        "dependencies": {
          "FSharp.Core": "4.7.1"
        }
      },
      "Newtonsoft.Json": {
        "type": "Transitive",
        "resolved": "11.0.2",
        "contentHash": "IvJe1pj7JHEsP8B8J8DwlMEx8UInrs/x+9oVY+oCD13jpLu4JbJU2WCIsMRn5C4yW9+DgkaO8uiVE5VHKjpmdQ=="
      }
    }
  }
}