{
  "version": 1,
  "dependencies": {
    "net7.0": {
      "FSharp.Core": {
        "type": "Direct",
        "requested": "[7.0.200, )",
        "resolved": "7.0.200",
        "contentHash": "NmgUnpNH6Zu9B0SPIhojyo38gnPdkdYFYQfbd6zosEH32kbGY/g/Klk7PfOWe1NAe/O1YOMmK9KhwQ2OWsWEbg=="
      },
      "FSharp.Data": {
        "type": "Direct",
        "requested": "[5.0.2, )",
        "resolved": "5.0.2",
        "contentHash": "eQBiOwlk6p8nVehcrxRK/22BwZXzJ2IkHXuqjIZ9Km0bH90WhBoF7OFdLWenc6dYizQmKv3qKIMCkKfVBepi0A==",
        "dependencies": {
          "FSharp.Core": "5.0.1"
        }
      },
      "FSharpPlus": {
        "type": "Direct",
        "requested": "[1.4.0, )",
        "resolved": "1.4.0",
        "contentHash": "He6WVVTZpeMQNBlFHniemTSCWITKgwLIgmznNt2kw0U9G/xWSx7USdssGXd2FGmcpk2FlHInYZNwUw848tI0SQ==",
        "dependencies": {
          "FSharp.Core": "6.0.6"
        }
      },
      "Thoth.Json": {
        "type": "Direct",
        "requested": "[10.0.0, )",
        "resolved": "10.0.0",
        "contentHash": "7FOR03CDATObwaHW/daCX1S6xFNSraywXdFCtrV3SEypTyk+qYe9XRYGDBa5Ywp6FkKj6poBXKD9HJRLhK4zog==",
        "dependencies": {
          "FSharp.Core": "4.7.2",
          "Fable.Core": "3.1.6"
        }
      },
      "Thoth.Json.Net": {
        "type": "Direct",
        "requested": "[11.0.0, )",
        "resolved": "11.0.0",
        "contentHash": "ugheFKMHRO3ReobCENha5J6uexPrp+Bn2d+WEcFbXaA77sNBWtTlx2StB+7lX8prMqdvO5uqlPeHlg+9dSpkNg==",
        "dependencies": {
          "FSharp.Core": "4.7.2",
          "Fable.Core": "3.1.6",
          "Newtonsoft.Json": "11.0.2"
        }
      },
      "Fable.Core": {
        "type": "Transitive",
        "resolved": "3.1.6",
        "contentHash": "w6M1F0zoLk4kTFc1Lx6x1Ft6BD3QwRe0eaLiinAqbjVkcF+iK+NiXGJO+a6q9RAF9NCg0vI48Xku7aNeqG4JVw==",
        "dependencies": {
          "FSharp.Core": "4.7.1"
        }
      },
      "Newtonsoft.Json": {
        "type": "Transitive",
        "resolved": "11.0.2",
        "contentHash": "IvJe1pj7JHEsP8B8J8DwlMEx8UInrs/x+9oVY+oCD13jpLu4JbJU2WCIsMRn5C4yW9+DgkaO8uiVE5VHKjpmdQ=="
      }
    }
  }
}